// !$*UTF8*$!
{
	archiveVersion = 1;
	classes = {
	};
	objectVersion = 77;
	objects = {

/* Begin PBXBuildFile section */
		F688C8572D5DF2A8001F606C /* FirebaseAuth in Frameworks */ = {isa = PBXBuildFile; productRef = F688C8562D5DF2A8001F606C /* FirebaseAuth */; };
		F688C8592D5DF2A8001F606C /* FirebaseCore in Frameworks */ = {isa = PBXBuildFile; productRef = F688C8582D5DF2A8001F606C /* FirebaseCore */; };
		F688C85B2D5DF2A8001F606C /* FirebaseFirestore in Frameworks */ = {isa = PBXBuildFile; productRef = F688C85A2D5DF2A8001F606C /* FirebaseFirestore */; };
/* End PBXBuildFile section */

/* Begin PBXContainerItemProxy section */
		F69E00072D5A0BEE00B08972 /* PBXContainerItemProxy */ = {
			isa = PBXContainerItemProxy;
			containerPortal = F69EFFE42D5A0BED00B08972 /* Project object */;
			proxyType = 1;
			remoteGlobalIDString = F69EFFEB2D5A0BED00B08972;
			remoteInfo = "Event Planner";
		};
		F69EFFFD2D5A0BEE00B08972 /* PBXContainerItemProxy */ = {
			isa = PBXContainerItemProxy;
			containerPortal = F69EFFE42D5A0BED00B08972 /* Project object */;
			proxyType = 1;
			remoteGlobalIDString = F69EFFEB2D5A0BED00B08972;
			remoteInfo = "Event Planner";
		};
/* End PBXContainerItemProxy section */

/* Begin PBXFileReference section */
		F69E00062D5A0BEE00B08972 /* Event PlannerUITests.xctest */ = {isa = PBXFileReference; explicitFileType = wrapper.cfbundle; includeInIndex = 0; path = "Event PlannerUITests.xctest"; sourceTree = BUILT_PRODUCTS_DIR; };
		F69EFFEC2D5A0BED00B08972 /* Event Planner.app */ = {isa = PBXFileReference; explicitFileType = wrapper.application; includeInIndex = 0; path = "Event Planner.app"; sourceTree = BUILT_PRODUCTS_DIR; };
		F69EFFFC2D5A0BEE00B08972 /* Event PlannerTests.xctest */ = {isa = PBXFileReference; explicitFileType = wrapper.cfbundle; includeInIndex = 0; path = "Event PlannerTests.xctest"; sourceTree = BUILT_PRODUCTS_DIR; };
/* End PBXFileReference section */

/* Begin PBXFileSystemSynchronizedRootGroup section */
		F69E00092D5A0BEE00B08972 /* Event PlannerUITests */ = {
			isa = PBXFileSystemSynchronizedRootGroup;
			path = "Event PlannerUITests";
			sourceTree = "<group>";
		};
		F69EFFEE2D5A0BED00B08972 /* Event Planner */ = {
			isa = PBXFileSystemSynchronizedRootGroup;
			path = "Event Planner";
			sourceTree = "<group>";
		};
		F69EFFFF2D5A0BEE00B08972 /* Event PlannerTests */ = {
			isa = PBXFileSystemSynchronizedRootGroup;
			path = "Event PlannerTests";
			sourceTree = "<group>";
		};
/* End PBXFileSystemSynchronizedRootGroup section */

/* Begin PBXFrameworksBuildPhase section */
		F69E00032D5A0BEE00B08972 /* Frameworks */ = {
			isa = PBXFrameworksBuildPhase;
			buildActionMask = 2147483647;
			files = (
			);
			runOnlyForDeploymentPostprocessing = 0;
		};
		F69EFFE92D5A0BED00B08972 /* Frameworks */ = {
			isa = PBXFrameworksBuildPhase;
			buildActionMask = 2147483647;
			files = (
				F688C8592D5DF2A8001F606C /* FirebaseCore in Frameworks */,
				F688C8572D5DF2A8001F606C /* FirebaseAuth in Frameworks */,
				F688C85B2D5DF2A8001F606C /* FirebaseFirestore in Frameworks */,
			);
			runOnlyForDeploymentPostprocessing = 0;
		};
		F69EFFF92D5A0BEE00B08972 /* Frameworks */ = {
			isa = PBXFrameworksBuildPhase;
			buildActionMask = 2147483647;
			files = (
			);
			runOnlyForDeploymentPostprocessing = 0;
		};
/* End PBXFrameworksBuildPhase section */

/* Begin PBXGroup section */
		F69EFFE32D5A0BED00B08972 = {
			isa = PBXGroup;
			children = (
				F69EFFEE2D5A0BED00B08972 /* Event Planner */,
				F69EFFFF2D5A0BEE00B08972 /* Event PlannerTests */,
				F69E00092D5A0BEE00B08972 /* Event PlannerUITests */,
				F69EFFED2D5A0BED00B08972 /* Products */,
			);
			sourceTree = "<group>";
		};
		F69EFFED2D5A0BED00B08972 /* Products */ = {
			isa = PBXGroup;
			children = (
				F69EFFEC2D5A0BED00B08972 /* Event Planner.app */,
				F69EFFFC2D5A0BEE00B08972 /* Event PlannerTests.xctest */,
				F69E00062D5A0BEE00B08972 /* Event PlannerUITests.xctest */,
			);
			name = Products;
			sourceTree = "<group>";
		};
/* End PBXGroup section */

/* Begin PBXNativeTarget section */
		F69E00052D5A0BEE00B08972 /* Event PlannerUITests */ = {
			isa = PBXNativeTarget;
			buildConfigurationList = F69E00162D5A0BEE00B08972 /* Build configuration list for PBXNativeTarget "Event PlannerUITests" */;
			buildPhases = (
				F69E00022D5A0BEE00B08972 /* Sources */,
				F69E00032D5A0BEE00B08972 /* Frameworks */,
				F69E00042D5A0BEE00B08972 /* Resources */,
			);
			buildRules = (
			);
			dependencies = (
				F69E00082D5A0BEE00B08972 /* PBXTargetDependency */,
			);
			fileSystemSynchronizedGroups = (
				F69E00092D5A0BEE00B08972 /* Event PlannerUITests */,
			);
			name = "Event PlannerUITests";
			packageProductDependencies = (
			);
			productName = "Event PlannerUITests";
			productReference = F69E00062D5A0BEE00B08972 /* Event PlannerUITests.xctest */;
			productType = "com.apple.product-type.bundle.ui-testing";
		};
		F69EFFEB2D5A0BED00B08972 /* Event Planner */ = {
			isa = PBXNativeTarget;
			buildConfigurationList = F69E00102D5A0BEE00B08972 /* Build configuration list for PBXNativeTarget "Event Planner" */;
			buildPhases = (
				F69EFFE82D5A0BED00B08972 /* Sources */,
				F69EFFE92D5A0BED00B08972 /* Frameworks */,
				F69EFFEA2D5A0BED00B08972 /* Resources */,
			);
			buildRules = (
			);
			dependencies = (
			);
			fileSystemSynchronizedGroups = (
				F69EFFEE2D5A0BED00B08972 /* Event Planner */,
			);
			name = "Event Planner";
			packageProductDependencies = (
				F688C8562D5DF2A8001F606C /* FirebaseAuth */,
				F688C8582D5DF2A8001F606C /* FirebaseCore */,
				F688C85A2D5DF2A8001F606C /* FirebaseFirestore */,
			);
			productName = "Event Planner";
			productReference = F69EFFEC2D5A0BED00B08972 /* Event Planner.app */;
			productType = "com.apple.product-type.application";
		};
		F69EFFFB2D5A0BEE00B08972 /* Event PlannerTests */ = {
			isa = PBXNativeTarget;
			buildConfigurationList = F69E00132D5A0BEE00B08972 /* Build configuration list for PBXNativeTarget "Event PlannerTests" */;
			buildPhases = (
				F69EFFF82D5A0BEE00B08972 /* Sources */,
				F69EFFF92D5A0BEE00B08972 /* Frameworks */,
				F69EFFFA2D5A0BEE00B08972 /* Resources */,
			);
			buildRules = (
			);
			dependencies = (
				F69EFFFE2D5A0BEE00B08972 /* PBXTargetDependency */,
			);
			fileSystemSynchronizedGroups = (
				F69EFFFF2D5A0BEE00B08972 /* Event PlannerTests */,
			);
			name = "Event PlannerTests";
			packageProductDependencies = (
			);
			productName = "Event PlannerTests";
			productReference = F69EFFFC2D5A0BEE00B08972 /* Event PlannerTests.xctest */;
			productType = "com.apple.product-type.bundle.unit-test";
		};
/* End PBXNativeTarget section */

/* Begin PBXProject section */
		F69EFFE42D5A0BED00B08972 /* Project object */ = {
			isa = PBXProject;
			attributes = {
				BuildIndependentTargetsInParallel = 1;
				LastSwiftUpdateCheck = 1620;
				LastUpgradeCheck = 1620;
				TargetAttributes = {
					F69E00052D5A0BEE00B08972 = {
						CreatedOnToolsVersion = 16.2;
						TestTargetID = F69EFFEB2D5A0BED00B08972;
					};
					F69EFFEB2D5A0BED00B08972 = {
						CreatedOnToolsVersion = 16.2;
					};
					F69EFFFB2D5A0BEE00B08972 = {
						CreatedOnToolsVersion = 16.2;
						TestTargetID = F69EFFEB2D5A0BED00B08972;
					};
				};
			};
			buildConfigurationList = F69EFFE72D5A0BED00B08972 /* Build configuration list for PBXProject "Event Planner" */;
			developmentRegion = en;
			hasScannedForEncodings = 0;
			knownRegions = (
				en,
				Base,
			);
			mainGroup = F69EFFE32D5A0BED00B08972;
			minimizedProjectReferenceProxies = 1;
			packageReferences = (
				F688C8552D5DF00E001F606C /* XCRemoteSwiftPackageReference "firebase-ios-sdk" */,
			);
			preferredProjectObjectVersion = 77;
			productRefGroup = F69EFFED2D5A0BED00B08972 /* Products */;
			projectDirPath = "";
			projectRoot = "";
			targets = (
				F69EFFEB2D5A0BED00B08972 /* Event Planner */,
				F69EFFFB2D5A0BEE00B08972 /* Event PlannerTests */,
				F69E00052D5A0BEE00B08972 /* Event PlannerUITests */,
			);
		};
/* End PBXProject section */

/* Begin PBXResourcesBuildPhase section */
		F69E00042D5A0BEE00B08972 /* Resources */ = {
			isa = PBXResourcesBuildPhase;
			buildActionMask = 2147483647;
			files = (
			);
			runOnlyForDeploymentPostprocessing = 0;
		};
		F69EFFEA2D5A0BED00B08972 /* Resources */ = {
			isa = PBXResourcesBuildPhase;
			buildActionMask = 2147483647;
			files = (
			);
			runOnlyForDeploymentPostprocessing = 0;
		};
		F69EFFFA2D5A0BEE00B08972 /* Resources */ = {
			isa = PBXResourcesBuildPhase;
			buildActionMask = 2147483647;
			files = (
			);
			runOnlyForDeploymentPostprocessing = 0;
		};
/* End PBXResourcesBuildPhase section */

/* Begin PBXSourcesBuildPhase section */
		F69E00022D5A0BEE00B08972 /* Sources */ = {
			isa = PBXSourcesBuildPhase;
			buildActionMask = 2147483647;
			files = (
			);
			runOnlyForDeploymentPostprocessing = 0;
		};
		F69EFFE82D5A0BED00B08972 /* Sources */ = {
			isa = PBXSourcesBuildPhase;
			buildActionMask = 2147483647;
			files = (
			);
			runOnlyForDeploymentPostprocessing = 0;
		};
		F69EFFF82D5A0BEE00B08972 /* Sources */ = {
			isa = PBXSourcesBuildPhase;
			buildActionMask = 2147483647;
			files = (
			);
			runOnlyForDeploymentPostprocessing = 0;
		};
/* End PBXSourcesBuildPhase section */

/* Begin PBXTargetDependency section */
		F69E00082D5A0BEE00B08972 /* PBXTargetDependency */ = {
			isa = PBXTargetDependency;
			target = F69EFFEB2D5A0BED00B08972 /* Event Planner */;
			targetProxy = F69E00072D5A0BEE00B08972 /* PBXContainerItemProxy */;
		};
		F69EFFFE2D5A0BEE00B08972 /* PBXTargetDependency */ = {
			isa = PBXTargetDependency;
			target = F69EFFEB2D5A0BED00B08972 /* Event Planner */;
			targetProxy = F69EFFFD2D5A0BEE00B08972 /* PBXContainerItemProxy */;
		};
/* End PBXTargetDependency section */

/* Begin XCBuildConfiguration section */
		F69E000E2D5A0BEE00B08972 /* Debug */ = {
			isa = XCBuildConfiguration;
			buildSettings = {
				ALWAYS_SEARCH_USER_PATHS = NO;
				ASSETCATALOG_COMPILER_GENERATE_SWIFT_ASSET_SYMBOL_EXTENSIONS = YES;
				CLANG_ANALYZER_NONNULL = YES;
				CLANG_ANALYZER_NUMBER_OBJECT_CONVERSION = YES_AGGRESSIVE;
				CLANG_CXX_LANGUAGE_STANDARD = "gnu++20";
				CLANG_ENABLE_MODULES = YES;
				CLANG_ENABLE_OBJC_ARC = YES;
				CLANG_ENABLE_OBJC_WEAK = YES;
				CLANG_WARN_BLOCK_CAPTURE_AUTORELEASING = YES;
				CLANG_WARN_BOOL_CONVERSION = YES;
				CLANG_WARN_COMMA = YES;
				CLANG_WARN_CONSTANT_CONVERSION = YES;
				CLANG_WARN_DEPRECATED_OBJC_IMPLEMENTATIONS = YES;
				CLANG_WARN_DIRECT_OBJC_ISA_USAGE = YES_ERROR;
				CLANG_WARN_DOCUMENTATION_COMMENTS = YES;
				CLANG_WARN_EMPTY_BODY = YES;
				CLANG_WARN_ENUM_CONVERSION = YES;
				CLANG_WARN_INFINITE_RECURSION = YES;
				CLANG_WARN_INT_CONVERSION = YES;
				CLANG_WARN_NON_LITERAL_NULL_CONVERSION = YES;
				CLANG_WARN_OBJC_IMPLICIT_RETAIN_SELF = YES;
				CLANG_WARN_OBJC_LITERAL_CONVERSION = YES;
				CLANG_WARN_OBJC_ROOT_CLASS = YES_ERROR;
				CLANG_WARN_QUOTED_INCLUDE_IN_FRAMEWORK_HEADER = YES;
				CLANG_WARN_RANGE_LOOP_ANALYSIS = YES;
				CLANG_WARN_STRICT_PROTOTYPES = YES;
				CLANG_WARN_SUSPICIOUS_MOVE = YES;
				CLANG_WARN_UNGUARDED_AVAILABILITY = YES_AGGRESSIVE;
				CLANG_WARN_UNREACHABLE_CODE = YES;
				CLANG_WARN__DUPLICATE_METHOD_MATCH = YES;
				COPY_PHASE_STRIP = NO;
				DEBUG_INFORMATION_FORMAT = dwarf;
				ENABLE_STRICT_OBJC_MSGSEND = YES;
				ENABLE_TESTABILITY = YES;
				ENABLE_USER_SCRIPT_SANDBOXING = YES;
				GCC_C_LANGUAGE_STANDARD = gnu17;
				GCC_DYNAMIC_NO_PIC = NO;
				GCC_NO_COMMON_BLOCKS = YES;
				GCC_OPTIMIZATION_LEVEL = 0;
				GCC_PREPROCESSOR_DEFINITIONS = (
					"DEBUG=1",
					"$(inherited)",
				);
				GCC_WARN_64_TO_32_BIT_CONVERSION = YES;
				GCC_WARN_ABOUT_RETURN_TYPE = YES_ERROR;
				GCC_WARN_UNDECLARED_SELECTOR = YES;
				GCC_WARN_UNINITIALIZED_AUTOS = YES_AGGRESSIVE;
				GCC_WARN_UNUSED_FUNCTION = YES;
				GCC_WARN_UNUSED_VARIABLE = YES;
				IPHONEOS_DEPLOYMENT_TARGET = 18.2;
				LOCALIZATION_PREFERS_STRING_CATALOGS = YES;
				MTL_ENABLE_DEBUG_INFO = INCLUDE_SOURCE;
				MTL_FAST_MATH = YES;
				ONLY_ACTIVE_ARCH = YES;
				SDKROOT = iphoneos;
				SWIFT_ACTIVE_COMPILATION_CONDITIONS = "DEBUG $(inherited)";
				SWIFT_OPTIMIZATION_LEVEL = "-Onone";
			};
			name = Debug;
		};
		F69E000F2D5A0BEE00B08972 /* Release */ = {
			isa = XCBuildConfiguration;
			buildSettings = {
				ALWAYS_SEARCH_USER_PATHS = NO;
				ASSETCATALOG_COMPILER_GENERATE_SWIFT_ASSET_SYMBOL_EXTENSIONS = YES;
				CLANG_ANALYZER_NONNULL = YES;
				CLANG_ANALYZER_NUMBER_OBJECT_CONVERSION = YES_AGGRESSIVE;
				CLANG_CXX_LANGUAGE_STANDARD = "gnu++20";
				CLANG_ENABLE_MODULES = YES;
				CLANG_ENABLE_OBJC_ARC = YES;
				CLANG_ENABLE_OBJC_WEAK = YES;
				CLANG_WARN_BLOCK_CAPTURE_AUTORELEASING = YES;
				CLANG_WARN_BOOL_CONVERSION = YES;
				CLANG_WARN_COMMA = YES;
				CLANG_WARN_CONSTANT_CONVERSION = YES;
				CLANG_WARN_DEPRECATED_OBJC_IMPLEMENTATIONS = YES;
				CLANG_WARN_DIRECT_OBJC_ISA_USAGE = YES_ERROR;
				CLANG_WARN_DOCUMENTATION_COMMENTS = YES;
				CLANG_WARN_EMPTY_BODY = YES;
				CLANG_WARN_ENUM_CONVERSION = YES;
				CLANG_WARN_INFINITE_RECURSION = YES;
				CLANG_WARN_INT_CONVERSION = YES;
				CLANG_WARN_NON_LITERAL_NULL_CONVERSION = YES;
				CLANG_WARN_OBJC_IMPLICIT_RETAIN_SELF = YES;
				CLANG_WARN_OBJC_LITERAL_CONVERSION = YES;
				CLANG_WARN_OBJC_ROOT_CLASS = YES_ERROR;
				CLANG_WARN_QUOTED_INCLUDE_IN_FRAMEWORK_HEADER = YES;
				CLANG_WARN_RANGE_LOOP_ANALYSIS = YES;
				CLANG_WARN_STRICT_PROTOTYPES = YES;
				CLANG_WARN_SUSPICIOUS_MOVE = YES;
				CLANG_WARN_UNGUARDED_AVAILABILITY = YES_AGGRESSIVE;
				CLANG_WARN_UNREACHABLE_CODE = YES;
				CLANG_WARN__DUPLICATE_METHOD_MATCH = YES;
				COPY_PHASE_STRIP = NO;
				DEBUG_INFORMATION_FORMAT = "dwarf-with-dsym";
				ENABLE_NS_ASSERTIONS = NO;
				ENABLE_STRICT_OBJC_MSGSEND = YES;
				ENABLE_USER_SCRIPT_SANDBOXING = YES;
				GCC_C_LANGUAGE_STANDARD = gnu17;
				GCC_NO_COMMON_BLOCKS = YES;
				GCC_WARN_64_TO_32_BIT_CONVERSION = YES;
				GCC_WARN_ABOUT_RETURN_TYPE = YES_ERROR;
				GCC_WARN_UNDECLARED_SELECTOR = YES;
				GCC_WARN_UNINITIALIZED_AUTOS = YES_AGGRESSIVE;
				GCC_WARN_UNUSED_FUNCTION = YES;
				GCC_WARN_UNUSED_VARIABLE = YES;
				IPHONEOS_DEPLOYMENT_TARGET = 18.2;
				LOCALIZATION_PREFERS_STRING_CATALOGS = YES;
				MTL_ENABLE_DEBUG_INFO = NO;
				MTL_FAST_MATH = YES;
				SDKROOT = iphoneos;
				SWIFT_COMPILATION_MODE = wholemodule;
				VALIDATE_PRODUCT = YES;
			};
			name = Release;
		};
		F69E00112D5A0BEE00B08972 /* Debug */ = {
			isa = XCBuildConfiguration;
			buildSettings = {
				ASSETCATALOG_COMPILER_APPICON_NAME = AppIcon;
				ASSETCATALOG_COMPILER_GLOBAL_ACCENT_COLOR_NAME = AccentColor;
				ASSETCATALOG_COMPILER_INCLUDE_ALL_APPICON_ASSETS = YES;
				CODE_SIGN_STYLE = Automatic;
				CURRENT_PROJECT_VERSION = 1;
				DEVELOPMENT_ASSET_PATHS = "\"Event Planner/Preview Content\"";
				DEVELOPMENT_TEAM = MEYF9J2W24;
				ENABLE_PREVIEWS = YES;
				GENERATE_INFOPLIST_FILE = YES;
				INFOPLIST_FILE = "Event-Planner-Info.plist";
				INFOPLIST_KEY_CFBundleDisplayName = EventSync;
				INFOPLIST_KEY_LSApplicationCategoryType = "public.app-category.utilities";
				INFOPLIST_KEY_UIApplicationSceneManifest_Generation = YES;
				INFOPLIST_KEY_UIApplicationSupportsIndirectInputEvents = YES;
				INFOPLIST_KEY_UILaunchScreen_Generation = YES;
				INFOPLIST_KEY_UILaunchStoryboardName = SplashScreenView;
				INFOPLIST_KEY_UISupportedInterfaceOrientations_iPad = "UIInterfaceOrientationPortrait UIInterfaceOrientationPortraitUpsideDown UIInterfaceOrientationLandscapeLeft UIInterfaceOrientationLandscapeRight";
				INFOPLIST_KEY_UISupportedInterfaceOrientations_iPhone = "UIInterfaceOrientationPortrait UIInterfaceOrientationLandscapeLeft UIInterfaceOrientationLandscapeRight";
				LD_RUNPATH_SEARCH_PATHS = (
					"$(inherited)",
					"@executable_path/Frameworks",
				);
				MARKETING_VERSION = 1.0;
				PRODUCT_BUNDLE_IDENTIFIER = "mmk.Event-Planner";
				PRODUCT_NAME = "$(TARGET_NAME)";
				SWIFT_EMIT_LOC_STRINGS = YES;
				SWIFT_VERSION = 5.0;
				TARGETED_DEVICE_FAMILY = "1,2";
			};
			name = Debug;
		};
		F69E00122D5A0BEE00B08972 /* Release */ = {
			isa = XCBuildConfiguration;
			buildSettings = {
				ASSETCATALOG_COMPILER_APPICON_NAME = AppIcon;
				ASSETCATALOG_COMPILER_GLOBAL_ACCENT_COLOR_NAME = AccentColor;
				ASSETCATALOG_COMPILER_INCLUDE_ALL_APPICON_ASSETS = YES;
				CODE_SIGN_STYLE = Automatic;
				CURRENT_PROJECT_VERSION = 1;
				DEVELOPMENT_ASSET_PATHS = "\"Event Planner/Preview Content\"";
				DEVELOPMENT_TEAM = MEYF9J2W24;
				ENABLE_PREVIEWS = YES;
				GENERATE_INFOPLIST_FILE = YES;
				INFOPLIST_FILE = "Event-Planner-Info.plist";
				INFOPLIST_KEY_CFBundleDisplayName = EventSync;
				INFOPLIST_KEY_LSApplicationCategoryType = "public.app-category.utilities";
				INFOPLIST_KEY_UIApplicationSceneManifest_Generation = YES;
				INFOPLIST_KEY_UIApplicationSupportsIndirectInputEvents = YES;
				INFOPLIST_KEY_UILaunchScreen_Generation = YES;
				INFOPLIST_KEY_UILaunchStoryboardName = SplashScreenView;
				INFOPLIST_KEY_UISupportedInterfaceOrientations_iPad = "UIInterfaceOrientationPortrait UIInterfaceOrientationPortraitUpsideDown UIInterfaceOrientationLandscapeLeft UIInterfaceOrientationLandscapeRight";
				INFOPLIST_KEY_UISupportedInterfaceOrientations_iPhone = "UIInterfaceOrientationPortrait UIInterfaceOrientationLandscapeLeft UIInterfaceOrientationLandscapeRight";
				LD_RUNPATH_SEARCH_PATHS = (
					"$(inherited)",
					"@executable_path/Frameworks",
				);
				MARKETING_VERSION = 1.0;
				PRODUCT_BUNDLE_IDENTIFIER = "mmk.Event-Planner";
				PRODUCT_NAME = "$(TARGET_NAME)";
				SWIFT_EMIT_LOC_STRINGS = YES;
				SWIFT_VERSION = 5.0;
				TARGETED_DEVICE_FAMILY = "1,2";
			};
			name = Release;
		};
		F69E00142D5A0BEE00B08972 /* Debug */ = {
			isa = XCBuildConfiguration;
			buildSettings = {
				BUNDLE_LOADER = "$(TEST_HOST)";
				CODE_SIGN_STYLE = Automatic;
				CURRENT_PROJECT_VERSION = 1;
				GENERATE_INFOPLIST_FILE = YES;
				IPHONEOS_DEPLOYMENT_TARGET = 18.2;
				MARKETING_VERSION = 1.0;
				PRODUCT_BUNDLE_IDENTIFIER = "mmk.Event-PlannerTests";
				PRODUCT_NAME = "$(TARGET_NAME)";
				SWIFT_EMIT_LOC_STRINGS = NO;
				SWIFT_VERSION = 5.0;
				TARGETED_DEVICE_FAMILY = "1,2";
				TEST_HOST = "$(BUILT_PRODUCTS_DIR)/Event Planner.app/$(BUNDLE_EXECUTABLE_FOLDER_PATH)/Event Planner";
			};
			name = Debug;
		};
		F69E00152D5A0BEE00B08972 /* Release */ = {
			isa = XCBuildConfiguration;
			buildSettings = {
				BUNDLE_LOADER = "$(TEST_HOST)";
				CODE_SIGN_STYLE = Automatic;
				CURRENT_PROJECT_VERSION = 1;
				GENERATE_INFOPLIST_FILE = YES;
				IPHONEOS_DEPLOYMENT_TARGET = 18.2;
				MARKETING_VERSION = 1.0;
				PRODUCT_BUNDLE_IDENTIFIER = "mmk.Event-PlannerTests";
				PRODUCT_NAME = "$(TARGET_NAME)";
				SWIFT_EMIT_LOC_STRINGS = NO;
				SWIFT_VERSION = 5.0;
				TARGETED_DEVICE_FAMILY = "1,2";
				TEST_HOST = "$(BUILT_PRODUCTS_DIR)/Event Planner.app/$(BUNDLE_EXECUTABLE_FOLDER_PATH)/Event Planner";
			};
			name = Release;
		};
		F69E00172D5A0BEE00B08972 /* Debug */ = {
			isa = XCBuildConfiguration;
			buildSettings = {
				CODE_SIGN_STYLE = Automatic;
				CURRENT_PROJECT_VERSION = 1;
				GENERATE_INFOPLIST_FILE = YES;
				MARKETING_VERSION = 1.0;
				PRODUCT_BUNDLE_IDENTIFIER = "mmk.Event-PlannerUITests";
				PRODUCT_NAME = "$(TARGET_NAME)";
				SWIFT_EMIT_LOC_STRINGS = NO;
				SWIFT_VERSION = 5.0;
				TARGETED_DEVICE_FAMILY = "1,2";
				TEST_TARGET_NAME = "Event Planner";
			};
			name = Debug;
		};
		F69E00182D5A0BEE00B08972 /* Release */ = {
			isa = XCBuildConfiguration;
			buildSettings = {
				CODE_SIGN_STYLE = Automatic;
				CURRENT_PROJECT_VERSION = 1;
				GENERATE_INFOPLIST_FILE = YES;
				MARKETING_VERSION = 1.0;
				PRODUCT_BUNDLE_IDENTIFIER = "mmk.Event-PlannerUITests";
				PRODUCT_NAME = "$(TARGET_NAME)";
				SWIFT_EMIT_LOC_STRINGS = NO;
				SWIFT_VERSION = 5.0;
				TARGETED_DEVICE_FAMILY = "1,2";
				TEST_TARGET_NAME = "Event Planner";
			};
			name = Release;
		};
/* End XCBuildConfiguration section */

/* Begin XCConfigurationList section */
		F69E00102D5A0BEE00B08972 /* Build configuration list for PBXNativeTarget "Event Planner" */ = {
			isa = XCConfigurationList;
			buildConfigurations = (
				F69E00112D5A0BEE00B08972 /* Debug */,
				F69E00122D5A0BEE00B08972 /* Release */,
			);
			defaultConfigurationIsVisible = 0;
			defaultConfigurationName = Release;
		};
		F69E00132D5A0BEE00B08972 /* Build configuration list for PBXNativeTarget "Event PlannerTests" */ = {
			isa = XCConfigurationList;
			buildConfigurations = (
				F69E00142D5A0BEE00B08972 /* Debug */,
				F69E00152D5A0BEE00B08972 /* Release */,
			);
			defaultConfigurationIsVisible = 0;
			defaultConfigurationName = Release;
		};
		F69E00162D5A0BEE00B08972 /* Build configuration list for PBXNativeTarget "Event PlannerUITests" */ = {
			isa = XCConfigurationList;
			buildConfigurations = (
				F69E00172D5A0BEE00B08972 /* Debug */,
				F69E00182D5A0BEE00B08972 /* Release */,
			);
			defaultConfigurationIsVisible = 0;
			defaultConfigurationName = Release;
		};
		F69EFFE72D5A0BED00B08972 /* Build configuration list for PBXProject "Event Planner" */ = {
			isa = XCConfigurationList;
			buildConfigurations = (
				F69E000E2D5A0BEE00B08972 /* Debug */,
				F69E000F2D5A0BEE00B08972 /* Release */,
			);
			defaultConfigurationIsVisible = 0;
			defaultConfigurationName = Release;
		};
/* End XCConfigurationList section */

/* Begin XCRemoteSwiftPackageReference section */
		F688C8552D5DF00E001F606C /* XCRemoteSwiftPackageReference "firebase-ios-sdk" */ = {
			isa = XCRemoteSwiftPackageReference;
			repositoryURL = "https://github.com/firebase/firebase-ios-sdk";
			requirement = {
				kind = upToNextMajorVersion;
				minimumVersion = 11.8.1;
			};
		};
/* End XCRemoteSwiftPackageReference section */

/* Begin XCSwiftPackageProductDependency section */
		F688C8562D5DF2A8001F606C /* FirebaseAuth */ = {
			isa = XCSwiftPackageProductDependency;
			package = F688C8552D5DF00E001F606C /* XCRemoteSwiftPackageReference "firebase-ios-sdk" */;
			productName = FirebaseAuth;
		};
		F688C8582D5DF2A8001F606C /* FirebaseCore */ = {
			isa = XCSwiftPackageProductDependency;
			package = F688C8552D5DF00E001F606C /* XCRemoteSwiftPackageReference "firebase-ios-sdk" */;
			productName = FirebaseCore;
		};
		F688C85A2D5DF2A8001F606C /* FirebaseFirestore */ = {
			isa = XCSwiftPackageProductDependency;
			package = F688C8552D5DF00E001F606C /* XCRemoteSwiftPackageReference "firebase-ios-sdk" */;
			productName = FirebaseFirestore;
		};
/* End XCSwiftPackageProductDependency section */
	};
	rootObject = F69EFFE42D5A0BED00B08972 /* Project object */;
}
